{
  "name": "ifcomp-importer",
  "version": "1.0.0",
  "lockfileVersion": 2,
  "requires": true,
  "packages": {
    "": {
      "name": "ifcomp-importer",
      "version": "1.0.0",
      "license": "ISC",
      "dependencies": {
        "microdata-node": "^2.0.0"
      }
    },
    "node_modules/dom-serializer": {
      "version": "1.4.1",
      "resolved": "https://registry.npmjs.org/dom-serializer/-/dom-serializer-1.4.1.tgz",
      "integrity": "sha512-VHwB3KfrcOOkelEG2ZOfxqLZdfkil8PtJi4P8N2MMXucZq2yLp75ClViUlOVwyoHEDjYU433Aq+5zWP61+RGag==",
      "dependencies": {
        "domelementtype": "^2.0.1",
        "domhandler": "^4.2.0",
        "entities": "^2.0.0"
      },
      "funding": {
        "url": "https://github.com/cheeriojs/dom-serializer?sponsor=1"
      }
    },
    "node_modules/domelementtype": {
      "version": "2.3.0",
      "resolved": "https://registry.npmjs.org/domelementtype/-/domelementtype-2.3.0.tgz",
      "integrity": "sha512-OLETBj6w0OsagBwdXnPdN0cnMfF9opN69co+7ZrbfPGrdpPVNBUj02spi6B1N7wChLQiPn4CSH/zJvXw56gmHw==",
      "funding": [
        {
          "type": "github",
          "url": "https://github.com/sponsors/fb55"
        }
      ]
    },
    "node_modules/domhandler": {
      "version": "4.3.1",
      "resolved": "https://registry.npmjs.org/domhandler/-/domhandler-4.3.1.tgz",
      "integrity": "sha512-GrwoxYN+uWlzO8uhUXRl0P+kHE4GtVPfYzVLcUxPL7KNdHKj66vvlhiweIHqYYXWlw+T8iLMp42Lm67ghw4WMQ==",
      "dependencies": {
        "domelementtype": "^2.2.0"
      },
      "engines": {
        "node": ">= 4"
      },
      "funding": {
        "url": "https://github.com/fb55/domhandler?sponsor=1"
      }
    },
    "node_modules/domutils": {
      "version": "2.8.0",
      "resolved": "https://registry.npmjs.org/domutils/-/domutils-2.8.0.tgz",
      "integrity": "sha512-w96Cjofp72M5IIhpjgobBimYEfoPjx1Vx0BSX9P30WBdZW2WIKU0T1Bd0kz2eNZ9ikjKgHbEyKx8BB6H1L3h3A==",
      "dependencies": {
        "dom-serializer": "^1.0.1",
        "domelementtype": "^2.2.0",
        "domhandler": "^4.2.0"
      },
      "funding": {
        "url": "https://github.com/fb55/domutils?sponsor=1"
      }
    },
    "node_modules/entities": {
      "version": "2.2.0",
      "resolved": "https://registry.npmjs.org/entities/-/entities-2.2.0.tgz",
      "integrity": "sha512-p92if5Nz619I0w+akJrLZH0MX0Pb5DX39XOwQTtXSdQQOaYH03S1uIQp4mhOZtAXrxq4ViO67YTiLBo2638o9A==",
      "funding": {
        "url": "https://github.com/fb55/entities?sponsor=1"
      }
    },
    "node_modules/htmlparser2": {
      "version": "4.1.0",
      "resolved": "https://registry.npmjs.org/htmlparser2/-/htmlparser2-4.1.0.tgz",
      "integrity": "sha512-4zDq1a1zhE4gQso/c5LP1OtrhYTncXNSpvJYtWJBtXAETPlMfi3IFNjGuQbYLuVY4ZR0QMqRVvo4Pdy9KLyP8Q==",
      "dependencies": {
        "domelementtype": "^2.0.1",
        "domhandler": "^3.0.0",
        "domutils": "^2.0.0",
        "entities": "^2.0.0"
      }
    },
    "node_modules/htmlparser2/node_modules/domhandler": {
      "version": "3.3.0",
      "resolved": "https://registry.npmjs.org/domhandler/-/domhandler-3.3.0.tgz",
      "integrity": "sha512-J1C5rIANUbuYK+FuFL98650rihynUOEzRLxW+90bKZRWB6A1X1Tf82GxR1qAWLyfNPRvjqfip3Q5tdYlmAa9lA==",
      "dependencies": {
        "domelementtype": "^2.0.1"
      },
      "engines": {
        "node": ">= 4"
      },
      "funding": {
        "url": "https://github.com/fb55/domhandler?sponsor=1"
      }
    },
    "node_modules/is-absolute-url": {
      "version": "3.0.3",
      "resolved": "https://registry.npmjs.org/is-absolute-url/-/is-absolute-url-3.0.3.tgz",
      "integrity": "sha512-opmNIX7uFnS96NtPmhWQgQx6/NYFgsUXYMllcfzwWKUMwfo8kku1TvE6hkNcH+Q1ts5cMVrsY7j0bxXQDciu9Q==",
      "engines": {
        "node": ">=8"
      }
    },
    "node_modules/microdata-node": {
      "version": "2.0.0",
      "resolved": "https://registry.npmjs.org/microdata-node/-/microdata-node-2.0.0.tgz",
      "integrity": "sha512-OHe2h2Vf119DHaXlmctmuOEQ6Wh62kDSU2gSjbG5lWtshZjk4aZG8i9zmlmPBt2G3By/spHRGU+LoNlQA8EvWg==",
      "dependencies": {
        "domutils": "^2.1.0",
        "htmlparser2": "^4.1.0",
        "is-absolute-url": "^3.0.3"
      }
    }
  },
  "dependencies": {
    "dom-serializer": {
      "version": "1.4.1",
      "resolved": "https://registry.npmjs.org/dom-serializer/-/dom-serializer-1.4.1.tgz",
      "integrity": "sha512-VHwB3KfrcOOkelEG2ZOfxqLZdfkil8PtJi4P8N2MMXucZq2yLp75ClViUlOVwyoHEDjYU433Aq+5zWP61+RGag==",
      "requires": {
        "domelementtype": "^2.0.1",
        "domhandler": "^4.2.0",
        "entities": "^2.0.0"
      }
    },
    "domelementtype": {
      "version": "2.3.0",
      "resolved": "https://registry.npmjs.org/domelementtype/-/domelementtype-2.3.0.tgz",
      "integrity": "sha512-OLETBj6w0OsagBwdXnPdN0cnMfF9opN69co+7ZrbfPGrdpPVNBUj02spi6B1N7wChLQiPn4CSH/zJvXw56gmHw=="
    },
    "domhandler": {
      "version": "4.3.1",
      "resolved": "https://registry.npmjs.org/domhandler/-/domhandler-4.3.1.tgz",
      "integrity": "sha512-GrwoxYN+uWlzO8uhUXRl0P+kHE4GtVPfYzVLcUxPL7KNdHKj66vvlhiweIHqYYXWlw+T8iLMp42Lm67ghw4WMQ==",
      "requires": {
        "domelementtype": "^2.2.0"
      }
    },
    "domutils": {
      "version": "2.8.0",
      "resolved": "https://registry.npmjs.org/domutils/-/domutils-2.8.0.tgz",
      "integrity": "sha512-w96Cjofp72M5IIhpjgobBimYEfoPjx1Vx0BSX9P30WBdZW2WIKU0T1Bd0kz2eNZ9ikjKgHbEyKx8BB6H1L3h3A==",
      "requires": {
        "dom-serializer": "^1.0.1",
        "domelementtype": "^2.2.0",
        "domhandler": "^4.2.0"
      }
    },
    "entities": {
      "version": "2.2.0",
      "resolved": "https://registry.npmjs.org/entities/-/entities-2.2.0.tgz",
      "integrity": "sha512-p92if5Nz619I0w+akJrLZH0MX0Pb5DX39XOwQTtXSdQQOaYH03S1uIQp4mhOZtAXrxq4ViO67YTiLBo2638o9A=="
    },
    "htmlparser2": {
      "version": "4.1.0",
      "resolved": "https://registry.npmjs.org/htmlparser2/-/htmlparser2-4.1.0.tgz",
      "integrity": "sha512-4zDq1a1zhE4gQso/c5LP1OtrhYTncXNSpvJYtWJBtXAETPlMfi3IFNjGuQbYLuVY4ZR0QMqRVvo4Pdy9KLyP8Q==",
      "requires": {
        "domelementtype": "^2.0.1",
        "domhandler": "^3.0.0",
        "domutils": "^2.0.0",
        "entities": "^2.0.0"
      },
      "dependencies": {
        "domhandler": {
          "version": "3.3.0",
          "resolved": "https://registry.npmjs.org/domhandler/-/domhandler-3.3.0.tgz",
          "integrity": "sha512-J1C5rIANUbuYK+FuFL98650rihynUOEzRLxW+90bKZRWB6A1X1Tf82GxR1qAWLyfNPRvjqfip3Q5tdYlmAa9lA==",
          "requires": {
            "domelementtype": "^2.0.1"
          }
        }
      }
    },
    "is-absolute-url": {
      "version": "3.0.3",
      "resolved": "https://registry.npmjs.org/is-absolute-url/-/is-absolute-url-3.0.3.tgz",
      "integrity": "sha512-opmNIX7uFnS96NtPmhWQgQx6/NYFgsUXYMllcfzwWKUMwfo8kku1TvE6hkNcH+Q1ts5cMVrsY7j0bxXQDciu9Q=="
    },
    "microdata-node": {
      "version": "2.0.0",
      "resolved": "https://registry.npmjs.org/microdata-node/-/microdata-node-2.0.0.tgz",
      "integrity": "sha512-OHe2h2Vf119DHaXlmctmuOEQ6Wh62kDSU2gSjbG5lWtshZjk4aZG8i9zmlmPBt2G3By/spHRGU+LoNlQA8EvWg==",
      "requires": {
        "domutils": "^2.1.0",
        "htmlparser2": "^4.1.0",
        "is-absolute-url": "^3.0.3"
      }
    }
  }
}
